
Microsoft Visual Studio Solution File, Format Version 12.00
# Visual Studio Version 17
VisualStudioVersion = 17.9.34701.34
MinimumVisualStudioVersion = 10.0.40219.1
Project("{FAE04EC0-301F-11D3-BF4B-00C04F79EFBC}") = "Lab 1", "Lab 1.csproj", "{C5A94B5B-BE73-4AAE-925A-F6D9BD264A24}"
EndProject
Global
	GlobalSection(SolutionConfigurationPlatforms) = preSolution
		Debug|Any CPU = Debug|Any CPU
		Release|Any CPU = Release|Any CPU
	EndGlobalSection
	GlobalSection(ProjectConfigurationPlatforms) = postSolution
		{C5A94B5B-BE73-4AAE-925A-F6D9BD264A24}.Debug|Any CPU.ActiveCfg = Debug|Any CPU
		{C5A94B5B-BE73-4AAE-925A-F6D9BD264A24}.Debug|Any CPU.Build.0 = Debug|Any CPU
		{C5A94B5B-BE73-4AAE-925A-F6D9BD264A24}.Release|Any CPU.ActiveCfg = Release|Any CPU
		{C5A94B5B-BE73-4AAE-925A-F6D9BD264A24}.Release|Any CPU.Build.0 = Release|Any CPU
	EndGlobalSection
	GlobalSection(SolutionProperties) = preSolution
		HideSolutionNode = FALSE
	EndGlobalSection
	GlobalSection(ExtensibilityGlobals) = postSolution
		SolutionGuid = {E869FE7D-6E08-49E7-BA29-4F1B2195D7EC}
	EndGlobalSection
EndGlobal
